// !$*UTF8*$!
{
	archiveVersion = 1;
	classes = {
	};
	objectVersion = 50;
	objects = {

/* Begin PBXBuildFile section */
		905CC70F2670E46900C501AD /* FriendListApp.swift in Sources */ = {isa = PBXBuildFile; fileRef = 905CC70E2670E46900C501AD /* FriendListApp.swift */; };
		905CC7112670E46900C501AD /* ContentView.swift in Sources */ = {isa = PBXBuildFile; fileRef = 905CC7102670E46900C501AD /* ContentView.swift */; };
		905CC7132670E46A00C501AD /* Assets.xcassets in Resources */ = {isa = PBXBuildFile; fileRef = 905CC7122670E46A00C501AD /* Assets.xcassets */; };
		905CC7162670E46A00C501AD /* Preview Assets.xcassets in Resources */ = {isa = PBXBuildFile; fileRef = 905CC7152670E46A00C501AD /* Preview Assets.xcassets */; };
		905CC71E2670E48600C501AD /* User.swift in Sources */ = {isa = PBXBuildFile; fileRef = 905CC71D2670E48600C501AD /* User.swift */; };
		905CED252673522400D11F9C /* UserView.swift in Sources */ = {isa = PBXBuildFile; fileRef = 905CED242673522400D11F9C /* UserView.swift */; };
/* End PBXBuildFile section */

/* Begin PBXFileReference section */
		905CC70B2670E46900C501AD /* FriendList.app */ = {isa = PBXFileReference; explicitFileType = wrapper.application; includeInIndex = 0; path = FriendList.app; sourceTree = BUILT_PRODUCTS_DIR; };
		905CC70E2670E46900C501AD /* FriendListApp.swift */ = {isa = PBXFileReference; lastKnownFileType = sourcecode.swift; path = FriendListApp.swift; sourceTree = "<group>"; };
		905CC7102670E46900C501AD /* ContentView.swift */ = {isa = PBXFileReference; lastKnownFileType = sourcecode.swift; path = ContentView.swift; sourceTree = "<group>"; };
		905CC7122670E46A00C501AD /* Assets.xcassets */ = {isa = PBXFileReference; lastKnownFileType = folder.assetcatalog; path = Assets.xcassets; sourceTree = "<group>"; };
		905CC7152670E46A00C501AD /* Preview Assets.xcassets */ = {isa = PBXFileReference; lastKnownFileType = folder.assetcatalog; path = "Preview Assets.xcassets"; sourceTree = "<group>"; };
		905CC7172670E46A00C501AD /* Info.plist */ = {isa = PBXFileReference; lastKnownFileType = text.plist.xml; path = Info.plist; sourceTree = "<group>"; };
		905CC71D2670E48600C501AD /* User.swift */ = {isa = PBXFileReference; lastKnownFileType = sourcecode.swift; path = User.swift; sourceTree = "<group>"; };
		905CED242673522400D11F9C /* UserView.swift */ = {isa = PBXFileReference; lastKnownFileType = sourcecode.swift; path = UserView.swift; sourceTree = "<group>"; };
/* End PBXFileReference section */

/* Begin PBXFrameworksBuildPhase section */
		905CC7082670E46900C501AD /* Frameworks */ = {
			isa = PBXFrameworksBuildPhase;
			buildActionMask = 2147483647;
			files = (
			);
			runOnlyForDeploymentPostprocessing = 0;
		};
/* End PBXFrameworksBuildPhase section */

/* Begin PBXGroup section */
		905CC7022670E46900C501AD = {
			isa = PBXGroup;
			children = (
				905CC70D2670E46900C501AD /* FriendList */,
				905CC70C2670E46900C501AD /* Products */,
			);
			sourceTree = "<group>";
		};
		905CC70C2670E46900C501AD /* Products */ = {
			isa = PBXGroup;
			children = (
				905CC70B2670E46900C501AD /* FriendList.app */,
			);
			name = Products;
			sourceTree = "<group>";
		};
		905CC70D2670E46900C501AD /* FriendList */ = {
			isa = PBXGroup;
			children = (
				905CC70E2670E46900C501AD /* FriendListApp.swift */,
				905CC7102670E46900C501AD /* ContentView.swift */,
				905CED242673522400D11F9C /* UserView.swift */,
				905CC71D2670E48600C501AD /* User.swift */,
				905CC7122670E46A00C501AD /* Assets.xcassets */,
				905CC7172670E46A00C501AD /* Info.plist */,
				905CC7142670E46A00C501AD /* Preview Content */,
			);
			path = FriendList;
			sourceTree = "<group>";
		};
		905CC7142670E46A00C501AD /* Preview Content */ = {
			isa = PBXGroup;
			children = (
				905CC7152670E46A00C501AD /* Preview Assets.xcassets */,
			);
			path = "Preview Content";
			sourceTree = "<group>";
		};
/* End PBXGroup section */

/* Begin PBXNativeTarget section */
		905CC70A2670E46900C501AD /* FriendList */ = {
			isa = PBXNativeTarget;
			buildConfigurationList = 905CC71A2670E46A00C501AD /* Build configuration list for PBXNativeTarget "FriendList" */;
			buildPhases = (
				905CC7072670E46900C501AD /* Sources */,
				905CC7082670E46900C501AD /* Frameworks */,
				905CC7092670E46900C501AD /* Resources */,
			);
			buildRules = (
			);
			dependencies = (
			);
			name = FriendList;
			productName = FriendList;
			productReference = 905CC70B2670E46900C501AD /* FriendList.app */;
			productType = "com.apple.product-type.application";
		};
/* End PBXNativeTarget section */

/* Begin PBXProject section */
		905CC7032670E46900C501AD /* Project object */ = {
			isa = PBXProject;
			attributes = {
				LastSwiftUpdateCheck = 1250;
				LastUpgradeCheck = 1250;
				TargetAttributes = {
					905CC70A2670E46900C501AD = {
						CreatedOnToolsVersion = 12.5;
					};
				};
			};
			buildConfigurationList = 905CC7062670E46900C501AD /* Build configuration list for PBXProject "FriendList" */;
			compatibilityVersion = "Xcode 9.3";
			developmentRegion = en;
			hasScannedForEncodings = 0;
			knownRegions = (
				en,
				Base,
			);
			mainGroup = 905CC7022670E46900C501AD;
			productRefGroup = 905CC70C2670E46900C501AD /* Products */;
			projectDirPath = "";
			projectRoot = "";
			targets = (
				905CC70A2670E46900C501AD /* FriendList */,
			);
		};
/* End PBXProject section */

/* Begin PBXResourcesBuildPhase section */
		905CC7092670E46900C501AD /* Resources */ = {
			isa = PBXResourcesBuildPhase;
			buildActionMask = 2147483647;
			files = (
				905CC7162670E46A00C501AD /* Preview Assets.xcassets in Resources */,
				905CC7132670E46A00C501AD /* Assets.xcassets in Resources */,
			);
			runOnlyForDeploymentPostprocessing = 0;
		};
/* End PBXResourcesBuildPhase section */

/* Begin PBXSourcesBuildPhase section */
		905CC7072670E46900C501AD /* Sources */ = {
			isa = PBXSourcesBuildPhase;
			buildActionMask = 2147483647;
			files = (
				905CC7112670E46900C501AD /* ContentView.swift in Sources */,
				905CC70F2670E46900C501AD /* FriendListApp.swift in Sources */,
				905CC71E2670E48600C501AD /* User.swift in Sources */,
				905CED252673522400D11F9C /* UserView.swift in Sources */,
			);
			runOnlyForDeploymentPostprocessing = 0;
		};
/* End PBXSourcesBuildPhase section */

/* Begin XCBuildConfiguration section */
		905CC7182670E46A00C501AD /* Debug */ = {
			isa = XCBuildConfiguration;
			buildSettings = {
				ALWAYS_SEARCH_USER_PATHS = NO;
				CLANG_ANALYZER_NONNULL = YES;
				CLANG_ANALYZER_NUMBER_OBJECT_CONVERSION = YES_AGGRESSIVE;
				CLANG_CXX_LANGUAGE_STANDARD = "gnu++14";
				CLANG_CXX_LIBRARY = "libc++";
				CLANG_ENABLE_MODULES = YES;
				CLANG_ENABLE_OBJC_ARC = YES;
				CLANG_ENABLE_OBJC_WEAK = YES;
				CLANG_WARN_BLOCK_CAPTURE_AUTORELEASING = YES;
				CLANG_WARN_BOOL_CONVERSION = YES;
				CLANG_WARN_COMMA = YES;
				CLANG_WARN_CONSTANT_CONVERSION = YES;
				CLANG_WARN_DEPRECATED_OBJC_IMPLEMENTATIONS = YES;
				CLANG_WARN_DIRECT_OBJC_ISA_USAGE = YES_ERROR;
				CLANG_WARN_DOCUMENTATION_COMMENTS = YES;
				CLANG_WARN_EMPTY_BODY = YES;
				CLANG_WARN_ENUM_CONVERSION = YES;
				CLANG_WARN_INFINITE_RECURSION = YES;
				CLANG_WARN_INT_CONVERSION = YES;
				CLANG_WARN_NON_LITERAL_NULL_CONVERSION = YES;
				CLANG_WARN_OBJC_IMPLICIT_RETAIN_SELF = YES;
				CLANG_WARN_OBJC_LITERAL_CONVERSION = YES;
				CLANG_WARN_OBJC_ROOT_CLASS = YES_ERROR;
				CLANG_WARN_QUOTED_INCLUDE_IN_FRAMEWORK_HEADER = YES;
				CLANG_WARN_RANGE_LOOP_ANALYSIS = YES;
				CLANG_WARN_STRICT_PROTOTYPES = YES;
				CLANG_WARN_SUSPICIOUS_MOVE = YES;
				CLANG_WARN_UNGUARDED_AVAILABILITY = YES_AGGRESSIVE;
				CLANG_WARN_UNREACHABLE_CODE = YES;
				CLANG_WARN__DUPLICATE_METHOD_MATCH = YES;
				COPY_PHASE_STRIP = NO;
				DEBUG_INFORMATION_FORMAT = dwarf;
				ENABLE_STRICT_OBJC_MSGSEND = YES;
				ENABLE_TESTABILITY = YES;
				GCC_C_LANGUAGE_STANDARD = gnu11;
				GCC_DYNAMIC_NO_PIC = NO;
				GCC_NO_COMMON_BLOCKS = YES;
				GCC_OPTIMIZATION_LEVEL = 0;
				GCC_PREPROCESSOR_DEFINITIONS = (
					"DEBUG=1",
					"$(inherited)",
				);
				GCC_WARN_64_TO_32_BIT_CONVERSION = YES;
				GCC_WARN_ABOUT_RETURN_TYPE = YES_ERROR;
				GCC_WARN_UNDECLARED_SELECTOR = YES;
				GCC_WARN_UNINITIALIZED_AUTOS = YES_AGGRESSIVE;
				GCC_WARN_UNUSED_FUNCTION = YES;
				GCC_WARN_UNUSED_VARIABLE = YES;
				IPHONEOS_DEPLOYMENT_TARGET = 14.5;
				MTL_ENABLE_DEBUG_INFO = INCLUDE_SOURCE;
				MTL_FAST_MATH = YES;
				ONLY_ACTIVE_ARCH = YES;
				SDKROOT = iphoneos;
				SWIFT_ACTIVE_COMPILATION_CONDITIONS = DEBUG;
				SWIFT_OPTIMIZATION_LEVEL = "-Onone";
			};
			name = Debug;
		};
		905CC7192670E46A00C501AD /* Release */ = {
			isa = XCBuildConfiguration;
			buildSettings = {
				ALWAYS_SEARCH_USER_PATHS = NO;
				CLANG_ANALYZER_NONNULL = YES;
				CLANG_ANALYZER_NUMBER_OBJECT_CONVERSION = YES_AGGRESSIVE;
				CLANG_CXX_LANGUAGE_STANDARD = "gnu++14";
				CLANG_CXX_LIBRARY = "libc++";
				CLANG_ENABLE_MODULES = YES;
				CLANG_ENABLE_OBJC_ARC = YES;
				CLANG_ENABLE_OBJC_WEAK = YES;
				CLANG_WARN_BLOCK_CAPTURE_AUTORELEASING = YES;
				CLANG_WARN_BOOL_CONVERSION = YES;
				CLANG_WARN_COMMA = YES;
				CLANG_WARN_CONSTANT_CONVERSION = YES;
				CLANG_WARN_DEPRECATED_OBJC_IMPLEMENTATIONS = YES;
				CLANG_WARN_DIRECT_OBJC_ISA_USAGE = YES_ERROR;
				CLANG_WARN_DOCUMENTATION_COMMENTS = YES;
				CLANG_WARN_EMPTY_BODY = YES;
				CLANG_WARN_ENUM_CONVERSION = YES;
				CLANG_WARN_INFINITE_RECURSION = YES;
				CLANG_WARN_INT_CONVERSION = YES;
				CLANG_WARN_NON_LITERAL_NULL_CONVERSION = YES;
				CLANG_WARN_OBJC_IMPLICIT_RETAIN_SELF = YES;
				CLANG_WARN_OBJC_LITERAL_CONVERSION = YES;
				CLANG_WARN_OBJC_ROOT_CLASS = YES_ERROR;
				CLANG_WARN_QUOTED_INCLUDE_IN_FRAMEWORK_HEADER = YES;
				CLANG_WARN_RANGE_LOOP_ANALYSIS = YES;
				CLANG_WARN_STRICT_PROTOTYPES = YES;
				CLANG_WARN_SUSPICIOUS_MOVE = YES;
				CLANG_WARN_UNGUARDED_AVAILABILITY = YES_AGGRESSIVE;
				CLANG_WARN_UNREACHABLE_CODE = YES;
				CLANG_WARN__DUPLICATE_METHOD_MATCH = YES;
				COPY_PHASE_STRIP = NO;
				DEBUG_INFORMATION_FORMAT = "dwarf-with-dsym";
				ENABLE_NS_ASSERTIONS = NO;
				ENABLE_STRICT_OBJC_MSGSEND = YES;
				GCC_C_LANGUAGE_STANDARD = gnu11;
				GCC_NO_COMMON_BLOCKS = YES;
				GCC_WARN_64_TO_32_BIT_CONVERSION = YES;
				GCC_WARN_ABOUT_RETURN_TYPE = YES_ERROR;
				GCC_WARN_UNDECLARED_SELECTOR = YES;
				GCC_WARN_UNINITIALIZED_AUTOS = YES_AGGRESSIVE;
				GCC_WARN_UNUSED_FUNCTION = YES;
				GCC_WARN_UNUSED_VARIABLE = YES;
				IPHONEOS_DEPLOYMENT_TARGET = 14.5;
				MTL_ENABLE_DEBUG_INFO = NO;
				MTL_FAST_MATH = YES;
				SDKROOT = iphoneos;
				SWIFT_COMPILATION_MODE = wholemodule;
				SWIFT_OPTIMIZATION_LEVEL = "-O";
				VALIDATE_PRODUCT = YES;
			};
			name = Release;
		};
		905CC71B2670E46A00C501AD /* Debug */ = {
			isa = XCBuildConfiguration;
			buildSettings = {
				ASSETCATALOG_COMPILER_APPICON_NAME = AppIcon;
				ASSETCATALOG_COMPILER_GLOBAL_ACCENT_COLOR_NAME = AccentColor;
				CODE_SIGN_STYLE = Automatic;
				DEVELOPMENT_ASSET_PATHS = "\"FriendList/Preview Content\"";
				DEVELOPMENT_TEAM = JVD55J3QR7;
				ENABLE_PREVIEWS = YES;
				INFOPLIST_FILE = FriendList/Info.plist;
				IPHONEOS_DEPLOYMENT_TARGET = 14.0;
				LD_RUNPATH_SEARCH_PATHS = (
					"$(inherited)",
					"@executable_path/Frameworks",
				);
				PRODUCT_BUNDLE_IDENTIFIER = kostin.FriendList;
				PRODUCT_NAME = "$(TARGET_NAME)";
				SWIFT_VERSION = 5.0;
				TARGETED_DEVICE_FAMILY = "1,2";
			};
			name = Debug;
		};
		905CC71C2670E46A00C501AD /* Release */ = {
			isa = XCBuildConfiguration;
			buildSettings = {
				ASSETCATALOG_COMPILER_APPICON_NAME = AppIcon;
				ASSETCATALOG_COMPILER_GLOBAL_ACCENT_COLOR_NAME = AccentColor;
				CODE_SIGN_STYLE = Automatic;
				DEVELOPMENT_ASSET_PATHS = "\"FriendList/Preview Content\"";
				DEVELOPMENT_TEAM = JVD55J3QR7;
				ENABLE_PREVIEWS = YES;
				INFOPLIST_FILE = FriendList/Info.plist;
				IPHONEOS_DEPLOYMENT_TARGET = 14.0;
				LD_RUNPATH_SEARCH_PATHS = (
					"$(inherited)",
					"@executable_path/Frameworks",
				);
				PRODUCT_BUNDLE_IDENTIFIER = kostin.FriendList;
				PRODUCT_NAME = "$(TARGET_NAME)";
				SWIFT_VERSION = 5.0;
				TARGETED_DEVICE_FAMILY = "1,2";
			};
			name = Release;
		};
/* End XCBuildConfiguration section */

/* Begin XCConfigurationList section */
		905CC7062670E46900C501AD /* Build configuration list for PBXProject "FriendList" */ = {
			isa = XCConfigurationList;
			buildConfigurations = (
				905CC7182670E46A00C501AD /* Debug */,
				905CC7192670E46A00C501AD /* Release */,
			);
			defaultConfigurationIsVisible = 0;
			defaultConfigurationName = Release;
		};
		905CC71A2670E46A00C501AD /* Build configuration list for PBXNativeTarget "FriendList" */ = {
			isa = XCConfigurationList;
			buildConfigurations = (
				905CC71B2670E46A00C501AD /* Debug */,
				905CC71C2670E46A00C501AD /* Release */,
			);
			defaultConfigurationIsVisible = 0;
			defaultConfigurationName = Release;
		};
/* End XCConfigurationList section */
	};
	rootObject = 905CC7032670E46900C501AD /* Project object */;
}
